
Microsoft Visual Studio Solution File, Format Version 12.00
# Visual Studio Version 17
VisualStudioVersion = 17.7.34018.315
MinimumVisualStudioVersion = 10.0.40219.1
Project("{FAE04EC0-301F-11D3-BF4B-00C04F79EFBC}") = "YEMEK_SİPARİŞ_HESABİ_PROJESİ", "YEMEK_SİPARİŞ_HESABİ_PROJESİ\YEMEK_SİPARİŞ_HESABİ_PROJESİ.csproj", "{AFFCE458-E801-43AA-877F-C79C0605DDF4}"
EndProject
Global
	GlobalSection(SolutionConfigurationPlatforms) = preSolution
		Debug|Any CPU = Debug|Any CPU
		Release|Any CPU = Release|Any CPU
	EndGlobalSection
	GlobalSection(ProjectConfigurationPlatforms) = postSolution
		{AFFCE458-E801-43AA-877F-C79C0605DDF4}.Debug|Any CPU.ActiveCfg = Debug|Any CPU
		{AFFCE458-E801-43AA-877F-C79C0605DDF4}.Debug|Any CPU.Build.0 = Debug|Any CPU
		{AFFCE458-E801-43AA-877F-C79C0605DDF4}.Release|Any CPU.ActiveCfg = Release|Any CPU
		{AFFCE458-E801-43AA-877F-C79C0605DDF4}.Release|Any CPU.Build.0 = Release|Any CPU
	EndGlobalSection
	GlobalSection(SolutionProperties) = preSolution
		HideSolutionNode = FALSE
	EndGlobalSection
	GlobalSection(ExtensibilityGlobals) = postSolution
		SolutionGuid = {DB86D51C-4367-4F3B-9009-FF9CFC5D0979}
	EndGlobalSection
EndGlobal
